{
  "name": "apollo-boost",
  "version": "0.1.27",
  "lockfileVersion": 1,
  "requires": true,
  "dependencies": {
    "@wry/equality": {
      "version": "0.1.9",
      "resolved": "https://registry.npmjs.org/@wry/equality/-/equality-0.1.9.tgz",
      "integrity": "sha512-mB6ceGjpMGz1ZTza8HYnrPGos2mC6So4NhS1PtZ8s4Qt0K7fBiIGhpSxUbQmhwcSWE3no+bYxmI2OL6KuXYmoQ==",
      "requires": {
        "tslib": "^1.9.3"
      }
    },
    "apollo-cache": {
      "version": "file:../apollo-cache",
      "requires": {
        "apollo-utilities": "file:../apollo-utilities"
      },
      "dependencies": {
        "apollo-utilities": {
          "version": "file:../apollo-utilities",
          "requires": {
            "fast-json-stable-stringify": "^2.0.0"
          },
          "dependencies": {
            "fast-json-stable-stringify": {
              "version": "2.0.0",
              "resolved": false
            }
          }
        }
      }
    },
    "apollo-cache-inmemory": {
      "version": "file:../apollo-cache-inmemory",
      "requires": {
        "apollo-cache": "file:../apollo-cache",
        "apollo-utilities": "file:../apollo-utilities",
        "optimism": "^0.6.9"
      },
      "dependencies": {
        "apollo-cache": {
          "version": "file:../apollo-cache",
          "requires": {
            "apollo-utilities": "file:../apollo-utilities"
          },
          "dependencies": {
            "apollo-utilities": {
              "version": "file:../apollo-utilities",
              "requires": {
                "fast-json-stable-stringify": "^2.0.0"
              },
              "dependencies": {
                "fast-json-stable-stringify": {
                  "version": "2.0.0",
                  "resolved": false
                }
              }
            }
          }
        },
        "apollo-utilities": {
          "version": "file:../apollo-utilities",
          "requires": {
            "fast-json-stable-stringify": "^2.0.0"
          },
          "dependencies": {
            "fast-json-stable-stringify": {
              "version": "2.0.0",
              "resolved": false
            }
          }
        },
        "immutable-tuple": {
          "version": "0.4.9",
          "resolved": false
        },
        "optimism": {
          "version": "0.6.9",
          "resolved": false,
          "requires": {
            "immutable-tuple": "^0.4.9"
          }
        }
      }
    },
    "apollo-client": {
      "version": "file:../apollo-client",
      "requires": {
        "@types/zen-observable": "^0.8.0",
        "apollo-cache": "file:../apollo-cache",
        "apollo-link": "^1.0.0",
        "apollo-link-dedup": "^1.0.0",
        "apollo-utilities": "file:../apollo-utilities",
        "symbol-observable": "^1.0.2",
        "zen-observable": "^0.8.0"
      },
      "dependencies": {
        "@types/zen-observable": {
          "version": "0.8.0",
          "resolved": false
        },
        "apollo-cache": {
          "version": "file:../apollo-cache",
          "requires": {
            "apollo-utilities": "file:../apollo-utilities"
          },
          "dependencies": {
            "apollo-utilities": {
              "version": "file:../apollo-utilities",
              "requires": {
                "fast-json-stable-stringify": "^2.0.0"
              },
              "dependencies": {
                "fast-json-stable-stringify": {
                  "version": "2.0.0",
                  "resolved": false
                }
              }
            }
          }
        },
        "apollo-link": {
          "version": "1.2.6",
          "resolved": false,
          "requires": {
            "zen-observable-ts": "^0.8.13"
          }
        },
        "apollo-link-dedup": {
          "version": "1.0.13",
          "resolved": false,
          "requires": {
            "apollo-link": "^1.2.6"
          }
        },
        "apollo-utilities": {
          "version": "file:../apollo-utilities",
          "requires": {
            "fast-json-stable-stringify": "^2.0.0"
          },
          "dependencies": {
            "fast-json-stable-stringify": {
              "version": "2.0.0",
              "resolved": false
            }
          }
        },
        "symbol-observable": {
          "version": "1.2.0",
          "resolved": false
        },
        "zen-observable": {
          "version": "0.8.11",
          "resolved": false
        },
        "zen-observable-ts": {
          "version": "0.8.13",
          "resolved": false,
          "requires": {
            "zen-observable": "^0.8.0"
          }
        }
      }
    },
    "apollo-link": {
      "version": "1.2.13",
      "resolved": "https://registry.npmjs.org/apollo-link/-/apollo-link-1.2.13.tgz",
      "integrity": "sha512-+iBMcYeevMm1JpYgwDEIDt/y0BB7VWyvlm/7x+TIPNLHCTCMgcEgDuW5kH86iQZWo0I7mNwQiTOz+/3ShPFmBw==",
      "requires": {
        "apollo-utilities": "^1.3.0",
        "ts-invariant": "^0.4.0",
        "tslib": "^1.9.3",
        "zen-observable-ts": "^0.8.20"
      },
      "dependencies": {
        "apollo-utilities": {
          "version": "1.3.3",
          "resolved": "https://registry.npmjs.org/apollo-utilities/-/apollo-utilities-1.3.3.tgz",
          "integrity": "sha512-F14aX2R/fKNYMvhuP2t9GD9fggID7zp5I96MF5QeKYWDWTrkRdHRp4+SVfXUVN+cXOaB/IebfvRtzPf25CM0zw==",
          "requires": {
            "@wry/equality": "^0.1.2",
            "fast-json-stable-stringify": "^2.0.0",
            "ts-invariant": "^0.4.0",
            "tslib": "^1.10.0"
          },
          "dependencies": {
            "tslib": {
              "version": "1.11.1",
              "resolved": "https://registry.npmjs.org/tslib/-/tslib-1.11.1.tgz",
              "integrity": "sha512-aZW88SY8kQbU7gpV19lN24LtXh/yD4ZZg6qieAJDDg+YBsJcSmLGK9QpnUjAKVG/xefmvJGd1WUmfpT/g6AJGA=="
            }
          }
        }
      }
    },
    "apollo-link-error": {
      "version": "1.1.12",
      "resolved": "https://registry.npmjs.org/apollo-link-error/-/apollo-link-error-1.1.12.tgz",
      "integrity": "sha512-psNmHyuy3valGikt/XHJfe0pKJnRX19tLLs6P6EHRxg+6q6JMXNVLYPaQBkL0FkwdTCB0cbFJAGRYCBviG8TDA==",
      "requires": {
        "apollo-link": "^1.2.13",
        "apollo-link-http-common": "^0.2.15",
        "tslib": "^1.9.3"
      }
    },
    "apollo-link-http": {
      "version": "1.5.16",
      "resolved": "https://registry.npmjs.org/apollo-link-http/-/apollo-link-http-1.5.16.tgz",
      "integrity": "sha512-IA3xA/OcrOzINRZEECI6IdhRp/Twom5X5L9jMehfzEo2AXdeRwAMlH5LuvTZHgKD8V1MBnXdM6YXawXkTDSmJw==",
      "requires": {
        "apollo-link": "^1.2.13",
        "apollo-link-http-common": "^0.2.15",
        "tslib": "^1.9.3"
      }
    },
    "apollo-link-http-common": {
      "version": "0.2.15",
      "resolved": "https://registry.npmjs.org/apollo-link-http-common/-/apollo-link-http-common-0.2.15.tgz",
      "integrity": "sha512-+Heey4S2IPsPyTf8Ag3PugUupASJMW894iVps6hXbvwtg1aHSNMXUYO5VG7iRHkPzqpuzT4HMBanCTXPjtGzxg==",
      "requires": {
        "apollo-link": "^1.2.13",
        "ts-invariant": "^0.4.0",
        "tslib": "^1.9.3"
      }
    },
    "apollo-link-state": {
      "version": "0.4.2",
      "resolved": "https://registry.npmjs.org/apollo-link-state/-/apollo-link-state-0.4.2.tgz",
      "integrity": "sha512-xMPcAfuiPVYXaLwC6oJFIZrKgV3GmdO31Ag2eufRoXpvT0AfJZjdaPB4450Nu9TslHRePN9A3quxNueILlQxlw==",
      "requires": {
        "apollo-utilities": "^1.0.8",
        "graphql-anywhere": "^4.1.0-alpha.0"
      }
    },
    "apollo-utilities": {
      "version": "1.1.1",
      "resolved": "https://registry.npmjs.org/apollo-utilities/-/apollo-utilities-1.1.1.tgz",
      "integrity": "sha512-C/q1Xot74SrJjkxNc6hr7VDCNTUoGGJYt/ZKyefIwBp4MoxWVp3Ii4cOuI1vYk0TNT0lWM4bNnE5vFfSJ3ocnQ==",
      "requires": {
        "fast-json-stable-stringify": "^2.0.0"
      },
      "dependencies": {
        "fast-json-stable-stringify": {
          "version": "2.0.0",
          "resolved": "https://registry.npmjs.org/fast-json-stable-stringify/-/fast-json-stable-stringify-2.0.0.tgz",
          "integrity": "sha1-1RQsDK7msRifh9OnYREGT4bIu/I="
        }
      }
    },
    "fast-json-stable-stringify": {
      "version": "2.1.0",
      "resolved": "https://registry.npmjs.org/fast-json-stable-stringify/-/fast-json-stable-stringify-2.1.0.tgz",
      "integrity": "sha512-lhd/wF+Lk98HZoTCtlVraHtfh5XYijIjalXck7saUtuanSDyLMxnHhSXEDJqHxD7msR8D0uCmqlkwjCV8xvwHw=="
    },
    "graphql-anywhere": {
      "version": "4.1.26",
      "resolved": "https://registry.npmjs.org/graphql-anywhere/-/graphql-anywhere-4.1.26.tgz",
      "integrity": "sha512-A8aZ6hrx7dbBP/sgItdp8S0q1V8gvpHXClCL+Kg3AHEwLuqxMG65CVrrBUuoVHDa2mW/WRxEw4IjL1fRnTVJEQ==",
      "requires": {
        "apollo-utilities": "^1.1.1"
      }
    },
    "graphql-tag": {
      "version": "2.10.1",
      "resolved": "https://registry.npmjs.org/graphql-tag/-/graphql-tag-2.10.1.tgz",
      "integrity": "sha512-jApXqWBzNXQ8jYa/HLkZJaVw9jgwNqZkywa2zfFn16Iv1Zb7ELNHkJaXHR7Quvd5SIGsy6Ny7SUKATgnu05uEg=="
    },
    "ts-invariant": {
      "version": "0.4.4",
      "resolved": "https://registry.npmjs.org/ts-invariant/-/ts-invariant-0.4.4.tgz",
      "integrity": "sha512-uEtWkFM/sdZvRNNDL3Ehu4WVpwaulhwQszV8mrtcdeE8nN00BV9mAmQ88RkrBhFgl9gMgvjJLAQcZbnPXI9mlA==",
      "requires": {
        "tslib": "^1.9.3"
      }
    },
    "tslib": {
      "version": "1.9.3",
      "resolved": "https://registry.npmjs.org/tslib/-/tslib-1.9.3.tgz",
      "integrity": "sha512-4krF8scpejhaOgqzBEcGM7yDIEfi0/8+8zDRZhNZZ2kjmHJ4hv3zCbQWxoJGz1iw5U0Jl0nma13xzHXcncMavQ=="
    },
    "zen-observable": {
      "version": "0.8.15",
      "resolved": "https://registry.npmjs.org/zen-observable/-/zen-observable-0.8.15.tgz",
      "integrity": "sha512-PQ2PC7R9rslx84ndNBZB/Dkv8V8fZEpk83RLgXtYd0fwUgEjseMn1Dgajh2x6S8QbZAFa9p2qVCEuYZNgve0dQ=="
    },
    "zen-observable-ts": {
      "version": "0.8.20",
      "resolved": "https://registry.npmjs.org/zen-observable-ts/-/zen-observable-ts-0.8.20.tgz",
      "integrity": "sha512-2rkjiPALhOtRaDX6pWyNqK1fnP5KkJJybYebopNSn6wDG1lxBoFs2+nwwXKoA6glHIrtwrfBBy6da0stkKtTAA==",
      "requires": {
        "tslib": "^1.9.3",
        "zen-observable": "^0.8.0"
      }
    }
  }
}
