{
  "name": "apollo-cache-inmemory",
  "version": "1.4.2",
  "lockfileVersion": 1,
  "requires": true,
  "dependencies": {
    "@wry/context": {
      "version": "0.5.0",
      "resolved": "https://registry.npmjs.org/@wry/context/-/context-0.5.0.tgz",
      "integrity": "sha512-yW5XFrWbRvv2/f86+g0YAfko7671SQg7Epn8lYjux4MZmIvtPvK2ts+vG1QAPu2w6GuBioEJknRa7K2LFj2kQw==",
      "requires": {
        "tslib": "^1.9.3"
      }
    },
    "apollo-cache": {
      "version": "file:../apollo-cache",
      "requires": {
        "apollo-utilities": "file:../apollo-utilities"
      },
      "dependencies": {
        "apollo-utilities": {
          "version": "file:../apollo-utilities",
          "requires": {
            "fast-json-stable-stringify": "^2.0.0"
          },
          "dependencies": {
            "fast-json-stable-stringify": {
              "version": "2.0.0",
              "resolved": false
            }
          }
        }
      }
    },
    "apollo-utilities": {
      "version": "file:../apollo-utilities",
      "requires": {
        "fast-json-stable-stringify": "^2.0.0"
      },
      "dependencies": {
        "fast-json-stable-stringify": {
          "version": "2.0.0",
          "resolved": false
        }
      }
    },
    "optimism": {
      "version": "0.11.5",
      "resolved": "https://registry.npmjs.org/optimism/-/optimism-0.11.5.tgz",
      "integrity": "sha512-twCHmBb64DYzEZ8A3O+TLCuF/RmZPBhXPQYv4agoiALRLlW9SidMzd7lwUP9mL0jOZhzhnBmb8ajqA00ECo/7g==",
      "requires": {
        "@wry/context": "^0.5.0"
      }
    },
    "tslib": {
      "version": "1.9.3",
      "resolved": "https://registry.npmjs.org/tslib/-/tslib-1.9.3.tgz",
      "integrity": "sha512-4krF8scpejhaOgqzBEcGM7yDIEfi0/8+8zDRZhNZZ2kjmHJ4hv3zCbQWxoJGz1iw5U0Jl0nma13xzHXcncMavQ=="
    }
  }
}
